{
    "_readme": [
        "This file locks the dependencies of your project to a known state",
        "Read more about it at https://getcomposer.org/doc/01-basic-usage.md#composer-lock-the-lock-file",
        "This file is @generated automatically"
    ],
    "content-hash": "e8f31b430b16df0e9f870db17082b1f4",
    "packages": [
        {
            "name": "City-of-Bloomington/factory-number-one",
            "version": "dev-master",
            "source": {
                "type": "git",
                "url": "https://github.com/City-of-Bloomington/factory-number-one.git",
                "reference": "13071e9f72f75c04cc9f2d1d5c4b03f28b667efb"
            },
            "dist": {
                "type": "zip",
                "url": "https://api.github.com/repos/City-of-Bloomington/factory-number-one/zipball/13071e9f72f75c04cc9f2d1d5c4b03f28b667efb",
                "reference": "13071e9f72f75c04cc9f2d1d5c4b03f28b667efb",
                "shasum": ""
            },
            "type": "library",
            "support": {
                "source": "https://github.com/City-of-Bloomington/factory-number-one/tree/master",
                "issues": "https://github.com/City-of-Bloomington/factory-number-one/issues"
            },
            "time": "2018-03-12T15:24:45+00:00"
        }
    ],
    "packages-dev": [],
    "aliases": [],
    "minimum-stability": "stable",
    "stability-flags": {
        "city-of-bloomington/factory-number-one": 20
    },
    "prefer-stable": false,
    "prefer-lowest": false,
    "platform": {
        "php": ">=7.0"
    },
    "platform-dev": []
}
